
Microsoft Visual Studio Solution File, Format Version 12.00
# Visual Studio Version 17
VisualStudioVersion = 17.0.31903.59
MinimumVisualStudioVersion = 10.0.40219.1
Project("{9A19103F-16F7-4668-BE54-9A1E7A4F7556}") = "server", "server.csproj", "{82730E74-8DA8-4C43-BF01-B77A641732FE}"
EndProject
Global
	GlobalSection(SolutionConfigurationPlatforms) = preSolution
		Debug|Any CPU = Debug|Any CPU
		Release|Any CPU = Release|Any CPU
	EndGlobalSection
	GlobalSection(ProjectConfigurationPlatforms) = postSolution
		{82730E74-8DA8-4C43-BF01-B77A641732FE}.Debug|Any CPU.ActiveCfg = Debug|Any CPU
		{82730E74-8DA8-4C43-BF01-B77A641732FE}.Debug|Any CPU.Build.0 = Debug|Any CPU
		{82730E74-8DA8-4C43-BF01-B77A641732FE}.Release|Any CPU.ActiveCfg = Release|Any CPU
		{82730E74-8DA8-4C43-BF01-B77A641732FE}.Release|Any CPU.Build.0 = Release|Any CPU
	EndGlobalSection
	GlobalSection(SolutionProperties) = preSolution
		HideSolutionNode = FALSE
	EndGlobalSection
	GlobalSection(ExtensibilityGlobals) = postSolution
		SolutionGuid = {73BD3C91-3944-4883-8771-3DBE7650D9B9}
	EndGlobalSection
EndGlobal
